
Microsoft Visual Studio Solution File, Format Version 12.00
# Visual Studio Version 16
VisualStudioVersion = 16.0.30002.166
MinimumVisualStudioVersion = 10.0.40219.1
Project("{FAE04EC0-301F-11D3-BF4B-00C04F79EFBC}") = "GajiKaryawan", "GajiKaryawan\GajiKaryawan.csproj", "{9F105568-8CF6-404C-AABE-6370188A8505}"
EndProject
Global
	GlobalSection(SolutionConfigurationPlatforms) = preSolution
		Debug|Any CPU = Debug|Any CPU
		Release|Any CPU = Release|Any CPU
	EndGlobalSection
	GlobalSection(ProjectConfigurationPlatforms) = postSolution
		{9F105568-8CF6-404C-AABE-6370188A8505}.Debug|Any CPU.ActiveCfg = Debug|Any CPU
		{9F105568-8CF6-404C-AABE-6370188A8505}.Debug|Any CPU.Build.0 = Debug|Any CPU
		{9F105568-8CF6-404C-AABE-6370188A8505}.Release|Any CPU.ActiveCfg = Release|Any CPU
		{9F105568-8CF6-404C-AABE-6370188A8505}.Release|Any CPU.Build.0 = Release|Any CPU
	EndGlobalSection
	GlobalSection(SolutionProperties) = preSolution
		HideSolutionNode = FALSE
	EndGlobalSection
	GlobalSection(ExtensibilityGlobals) = postSolution
		SolutionGuid = {271C06BC-4E31-4151-BA77-044444A51E34}
	EndGlobalSection
EndGlobal
